<?xml version="1.0" encoding="utf-8"?>
<Project ToolsVersion="4.0" xmlns="http://schemas.microsoft.com/developer/msbuild/2003">
  <ItemGroup>
    <Filter Include="src/jsonv-tests">
      <UniqueIdentifier>{04ca52ec-faef-495c-ace5-769e1b0f6080}</UniqueIdentifier>
    </Filter>
    <Filter Include="src/jsonv-tests\detail">
      <UniqueIdentifier>{4853af6b-5be4-4466-9661-99b48f6c3bb2}</UniqueIdentifier>
    </Filter>
  </ItemGroup>
  <ItemGroup>
    <ClCompile Include="src\jsonv-tests\algorithm_map_tests.cpp">
      <Filter>src/jsonv-tests</Filter>
    </ClCompile>
    <ClCompile Include="src\jsonv-tests\array_tests.cpp">
      <Filter>src/jsonv-tests</Filter>
    </ClCompile>
    <ClCompile Include="src\jsonv-tests\char_convert_tests.cpp">
      <Filter>src/jsonv-tests</Filter>
    </ClCompile>
    <ClCompile Include="src\jsonv-tests\coerce_tests.cpp">
      <Filter>src/jsonv-tests</Filter>
    </ClCompile>
    <ClCompile Include="src\jsonv-tests\encode_tests.cpp">
      <Filter>src/jsonv-tests</Filter>
    </ClCompile>
    <ClCompile Include="src\jsonv-tests\filesystem_util.cpp">
      <Filter>src/jsonv-tests</Filter>
    </ClCompile>
    <ClCompile Include="src\jsonv-tests\json_checker.cpp">
      <Filter>src/jsonv-tests</Filter>
    </ClCompile>
    <ClCompile Include="src\jsonv-tests\kind_tests.cpp">
      <Filter>src/jsonv-tests</Filter>
    </ClCompile>
    <ClCompile Include="src\jsonv-tests\main.cpp">
      <Filter>src/jsonv-tests</Filter>
    </ClCompile>
    <ClCompile Include="src\jsonv-tests\object_tests.cpp">
      <Filter>src/jsonv-tests</Filter>
    </ClCompile>
    <ClCompile Include="src\jsonv-tests\parse_tests.cpp">
      <Filter>src/jsonv-tests</Filter>
    </ClCompile>
    <ClCompile Include="src\jsonv-tests\path_tests.cpp">
      <Filter>src/jsonv-tests</Filter>
    </ClCompile>
    <ClCompile Include="src\jsonv-tests\serialization_builder_tests.cpp">
      <Filter>src/jsonv-tests</Filter>
    </ClCompile>
    <ClCompile Include="src\jsonv-tests\serialization_tests.cpp">
      <Filter>src/jsonv-tests</Filter>
    </ClCompile>
    <ClCompile Include="src\jsonv-tests\string_tests.cpp">
      <Filter>src/jsonv-tests</Filter>
    </ClCompile>
    <ClCompile Include="src\jsonv-tests\test.cpp">
      <Filter>src/jsonv-tests</Filter>
    </ClCompile>
    <ClCompile Include="src\jsonv-tests\tokenizer_tests.cpp">
      <Filter>src/jsonv-tests</Filter>
    </ClCompile>
    <ClCompile Include="src\jsonv-tests\unicode_tests.cpp">
      <Filter>src/jsonv-tests</Filter>
    </ClCompile>
    <ClCompile Include="src\jsonv-tests\util_diff_tests.cpp">
      <Filter>src/jsonv-tests</Filter>
    </ClCompile>
    <ClCompile Include="src\jsonv-tests\util_merge_tests.cpp">
      <Filter>src/jsonv-tests</Filter>
    </ClCompile>
    <ClCompile Include="src\jsonv-tests\util_validate_tests.cpp">
      <Filter>src/jsonv-tests</Filter>
    </ClCompile>
    <ClCompile Include="src\jsonv-tests\value_tests.cpp">
      <Filter>src/jsonv-tests</Filter>
    </ClCompile>
    <ClCompile Include="src\jsonv-tests\detail\token_patterns_tests.cpp">
      <Filter>src/jsonv-tests\detail</Filter>
    </ClCompile>
  </ItemGroup>
  <ItemGroup>
    <ClInclude Include="src\jsonv-tests\filesystem_util.hpp">
      <Filter>src/jsonv-tests</Filter>
    </ClInclude>
    <ClInclude Include="src\jsonv-tests\test.hpp">
      <Filter>src/jsonv-tests</Filter>
    </ClInclude>
  </ItemGroup>
  <ItemGroup>
    <None Include="packages.config" />
  </ItemGroup>
</Project>